
Microsoft Visual Studio Solution File, Format Version 12.00
# Visual Studio Version 17
VisualStudioVersion = 17.1.32421.90
MinimumVisualStudioVersion = 10.0.40219.1
Project("{FAE04EC0-301F-11D3-BF4B-00C04F79EFBC}") = "darkness", "darkness.csproj", "{B2840CE3-0AF8-4C04-845D-B2CB5110AEDA}"
EndProject
Global
	GlobalSection(SolutionConfigurationPlatforms) = preSolution
		Debug|Any CPU = Debug|Any CPU
		Release|Any CPU = Release|Any CPU
	EndGlobalSection
	GlobalSection(ProjectConfigurationPlatforms) = postSolution
		{B2840CE3-0AF8-4C04-845D-B2CB5110AEDA}.Debug|Any CPU.ActiveCfg = Debug|Any CPU
		{B2840CE3-0AF8-4C04-845D-B2CB5110AEDA}.Debug|Any CPU.Build.0 = Debug|Any CPU
		{B2840CE3-0AF8-4C04-845D-B2CB5110AEDA}.Release|Any CPU.ActiveCfg = Release|Any CPU
		{B2840CE3-0AF8-4C04-845D-B2CB5110AEDA}.Release|Any CPU.Build.0 = Release|Any CPU
	EndGlobalSection
	GlobalSection(SolutionProperties) = preSolution
		HideSolutionNode = FALSE
	EndGlobalSection
	GlobalSection(ExtensibilityGlobals) = postSolution
		SolutionGuid = {DE5ABC0D-ECD2-4DEF-B641-6FC2CFF0069C}
	EndGlobalSection
EndGlobal
